// !$*UTF8*$!
{
	archiveVersion = 1;
	classes = {
	};
	objectVersion = 55;
	objects = {

/* Begin PBXBuildFile section */
		950F615D285E9CC6007FF469 /* SwiftGraph in Frameworks */ = {isa = PBXBuildFile; productRef = 950F615C285E9CC6007FF469 /* SwiftGraph */; };
		952230D2285F85EC004F4173 /* FormData.swift in Sources */ = {isa = PBXBuildFile; fileRef = 952230D1285F85EC004F4173 /* FormData.swift */; };
		95E4383E28537ED200D6A5A3 /* AppDelegate.swift in Sources */ = {isa = PBXBuildFile; fileRef = 95E4383D28537ED200D6A5A3 /* AppDelegate.swift */; };
		95E4384028537ED200D6A5A3 /* SceneDelegate.swift in Sources */ = {isa = PBXBuildFile; fileRef = 95E4383F28537ED200D6A5A3 /* SceneDelegate.swift */; };
		95E4384228537ED200D6A5A3 /* FormViewController.swift in Sources */ = {isa = PBXBuildFile; fileRef = 95E4384128537ED200D6A5A3 /* FormViewController.swift */; };
		95E4384728537ED600D6A5A3 /* Assets.xcassets in Resources */ = {isa = PBXBuildFile; fileRef = 95E4384628537ED600D6A5A3 /* Assets.xcassets */; };
		95E4384A28537ED600D6A5A3 /* LaunchScreen.storyboard in Resources */ = {isa = PBXBuildFile; fileRef = 95E4384828537ED600D6A5A3 /* LaunchScreen.storyboard */; };
		E6DB3BFE285FCFA100E30E85 /* ResultDijkstra.swift in Sources */ = {isa = PBXBuildFile; fileRef = E6DB3BFD285FCFA100E30E85 /* ResultDijkstra.swift */; };
		E6DB3C00286025AD00E30E85 /* FormTableViewCell.swift in Sources */ = {isa = PBXBuildFile; fileRef = E6DB3BFF286025AD00E30E85 /* FormTableViewCell.swift */; };
/* End PBXBuildFile section */

/* Begin PBXFileReference section */
		952230D1285F85EC004F4173 /* FormData.swift */ = {isa = PBXFileReference; lastKnownFileType = sourcecode.swift; path = FormData.swift; sourceTree = "<group>"; };
		95E4383A28537ED200D6A5A3 /* GraphDemonstration.app */ = {isa = PBXFileReference; explicitFileType = wrapper.application; includeInIndex = 0; path = GraphDemonstration.app; sourceTree = BUILT_PRODUCTS_DIR; };
		95E4383D28537ED200D6A5A3 /* AppDelegate.swift */ = {isa = PBXFileReference; lastKnownFileType = sourcecode.swift; path = AppDelegate.swift; sourceTree = "<group>"; };
		95E4383F28537ED200D6A5A3 /* SceneDelegate.swift */ = {isa = PBXFileReference; lastKnownFileType = sourcecode.swift; path = SceneDelegate.swift; sourceTree = "<group>"; };
		95E4384128537ED200D6A5A3 /* FormViewController.swift */ = {isa = PBXFileReference; lastKnownFileType = sourcecode.swift; path = FormViewController.swift; sourceTree = "<group>"; };
		95E4384628537ED600D6A5A3 /* Assets.xcassets */ = {isa = PBXFileReference; lastKnownFileType = folder.assetcatalog; path = Assets.xcassets; sourceTree = "<group>"; };
		95E4384928537ED600D6A5A3 /* Base */ = {isa = PBXFileReference; lastKnownFileType = file.storyboard; name = Base; path = Base.lproj/LaunchScreen.storyboard; sourceTree = "<group>"; };
		95E4384B28537ED600D6A5A3 /* Info.plist */ = {isa = PBXFileReference; lastKnownFileType = text.plist.xml; path = Info.plist; sourceTree = "<group>"; };
		95E438582853831100D6A5A3 /* Edge.swift */ = {isa = PBXFileReference; lastKnownFileType = sourcecode.swift; path = Edge.swift; sourceTree = "<group>"; };
		95E4385C2853834B00D6A5A3 /* AdjacencyList.swift */ = {isa = PBXFileReference; lastKnownFileType = sourcecode.swift; path = AdjacencyList.swift; sourceTree = "<group>"; };
		E6DB3BFD285FCFA100E30E85 /* ResultDijkstra.swift */ = {isa = PBXFileReference; lastKnownFileType = sourcecode.swift; path = ResultDijkstra.swift; sourceTree = "<group>"; };
		E6DB3BFF286025AD00E30E85 /* FormTableViewCell.swift */ = {isa = PBXFileReference; lastKnownFileType = sourcecode.swift; path = FormTableViewCell.swift; sourceTree = "<group>"; };
/* End PBXFileReference section */

/* Begin PBXFrameworksBuildPhase section */
		95E4383728537ED200D6A5A3 /* Frameworks */ = {
			isa = PBXFrameworksBuildPhase;
			buildActionMask = 2147483647;
			files = (
				950F615D285E9CC6007FF469 /* SwiftGraph in Frameworks */,
			);
			runOnlyForDeploymentPostprocessing = 0;
		};
/* End PBXFrameworksBuildPhase section */

/* Begin PBXGroup section */
		952230D32860E1CA004F4173 /* Recovered References */ = {
			isa = PBXGroup;
			children = (
				95E438582853831100D6A5A3 /* Edge.swift */,
				95E4385C2853834B00D6A5A3 /* AdjacencyList.swift */,
			);
			name = "Recovered References";
			sourceTree = "<group>";
		};
		95E4383128537ED200D6A5A3 = {
			isa = PBXGroup;
			children = (
				95E4383C28537ED200D6A5A3 /* GraphDemonstration */,
				95E4383B28537ED200D6A5A3 /* Products */,
				952230D32860E1CA004F4173 /* Recovered References */,
			);
			sourceTree = "<group>";
		};
		95E4383B28537ED200D6A5A3 /* Products */ = {
			isa = PBXGroup;
			children = (
				95E4383A28537ED200D6A5A3 /* GraphDemonstration.app */,
			);
			name = Products;
			sourceTree = "<group>";
		};
		95E4383C28537ED200D6A5A3 /* GraphDemonstration */ = {
			isa = PBXGroup;
			children = (
				95E43851285382B000D6A5A3 /* Data */,
				95E43852285382B300D6A5A3 /* Domain */,
				95E43853285382B800D6A5A3 /* Presentation */,
				95E4383D28537ED200D6A5A3 /* AppDelegate.swift */,
				95E4383F28537ED200D6A5A3 /* SceneDelegate.swift */,
				95E4384628537ED600D6A5A3 /* Assets.xcassets */,
				95E4384828537ED600D6A5A3 /* LaunchScreen.storyboard */,
				95E4384B28537ED600D6A5A3 /* Info.plist */,
			);
			path = GraphDemonstration;
			sourceTree = "<group>";
		};
		95E43851285382B000D6A5A3 /* Data */ = {
			isa = PBXGroup;
			children = (
				95E43855285382E000D6A5A3 /* Interface */,
				95E43854285382CE00D6A5A3 /* Entities */,
			);
			path = Data;
			sourceTree = "<group>";
		};
		95E43852285382B300D6A5A3 /* Domain */ = {
			isa = PBXGroup;
			children = (
			);
			path = Domain;
			sourceTree = "<group>";
		};
		95E43853285382B800D6A5A3 /* Presentation */ = {
			isa = PBXGroup;
			children = (
				95E4384128537ED200D6A5A3 /* FormViewController.swift */,
				E6DB3BFF286025AD00E30E85 /* FormTableViewCell.swift */,
			);
			path = Presentation;
			sourceTree = "<group>";
		};
		95E43854285382CE00D6A5A3 /* Entities */ = {
			isa = PBXGroup;
			children = (
				952230D1285F85EC004F4173 /* FormData.swift */,
				E6DB3BFD285FCFA100E30E85 /* ResultDijkstra.swift */,
			);
			path = Entities;
			sourceTree = "<group>";
		};
		95E43855285382E000D6A5A3 /* Interface */ = {
			isa = PBXGroup;
			children = (
			);
			path = Interface;
			sourceTree = "<group>";
		};
/* End PBXGroup section */

/* Begin PBXNativeTarget section */
		95E4383928537ED200D6A5A3 /* GraphDemonstration */ = {
			isa = PBXNativeTarget;
			buildConfigurationList = 95E4384E28537ED600D6A5A3 /* Build configuration list for PBXNativeTarget "GraphDemonstration" */;
			buildPhases = (
				95E4383628537ED200D6A5A3 /* Sources */,
				95E4383728537ED200D6A5A3 /* Frameworks */,
				95E4383828537ED200D6A5A3 /* Resources */,
			);
			buildRules = (
			);
			dependencies = (
			);
			name = GraphDemonstration;
			packageProductDependencies = (
				950F615C285E9CC6007FF469 /* SwiftGraph */,
			);
			productName = GraphDemonstration;
			productReference = 95E4383A28537ED200D6A5A3 /* GraphDemonstration.app */;
			productType = "com.apple.product-type.application";
		};
/* End PBXNativeTarget section */

/* Begin PBXProject section */
		95E4383228537ED200D6A5A3 /* Project object */ = {
			isa = PBXProject;
			attributes = {
				BuildIndependentTargetsInParallel = 1;
				LastSwiftUpdateCheck = 1330;
				LastUpgradeCheck = 1330;
				TargetAttributes = {
					95E4383928537ED200D6A5A3 = {
						CreatedOnToolsVersion = 13.3;
					};
				};
			};
			buildConfigurationList = 95E4383528537ED200D6A5A3 /* Build configuration list for PBXProject "GraphDemonstration" */;
			compatibilityVersion = "Xcode 13.0";
			developmentRegion = en;
			hasScannedForEncodings = 0;
			knownRegions = (
				en,
				Base,
			);
			mainGroup = 95E4383128537ED200D6A5A3;
			packageReferences = (
				950F615B285E9CC6007FF469 /* XCRemoteSwiftPackageReference "SwiftGraph" */,
			);
			productRefGroup = 95E4383B28537ED200D6A5A3 /* Products */;
			projectDirPath = "";
			projectRoot = "";
			targets = (
				95E4383928537ED200D6A5A3 /* GraphDemonstration */,
			);
		};
/* End PBXProject section */

/* Begin PBXResourcesBuildPhase section */
		95E4383828537ED200D6A5A3 /* Resources */ = {
			isa = PBXResourcesBuildPhase;
			buildActionMask = 2147483647;
			files = (
				95E4384A28537ED600D6A5A3 /* LaunchScreen.storyboard in Resources */,
				95E4384728537ED600D6A5A3 /* Assets.xcassets in Resources */,
			);
			runOnlyForDeploymentPostprocessing = 0;
		};
/* End PBXResourcesBuildPhase section */

/* Begin PBXSourcesBuildPhase section */
		95E4383628537ED200D6A5A3 /* Sources */ = {
			isa = PBXSourcesBuildPhase;
			buildActionMask = 2147483647;
			files = (
				952230D2285F85EC004F4173 /* FormData.swift in Sources */,
				95E4384228537ED200D6A5A3 /* FormViewController.swift in Sources */,
				E6DB3C00286025AD00E30E85 /* FormTableViewCell.swift in Sources */,
				95E4383E28537ED200D6A5A3 /* AppDelegate.swift in Sources */,
				E6DB3BFE285FCFA100E30E85 /* ResultDijkstra.swift in Sources */,
				95E4384028537ED200D6A5A3 /* SceneDelegate.swift in Sources */,
			);
			runOnlyForDeploymentPostprocessing = 0;
		};
/* End PBXSourcesBuildPhase section */

/* Begin PBXVariantGroup section */
		95E4384828537ED600D6A5A3 /* LaunchScreen.storyboard */ = {
			isa = PBXVariantGroup;
			children = (
				95E4384928537ED600D6A5A3 /* Base */,
			);
			name = LaunchScreen.storyboard;
			sourceTree = "<group>";
		};
/* End PBXVariantGroup section */

/* Begin XCBuildConfiguration section */
		95E4384C28537ED600D6A5A3 /* Debug */ = {
			isa = XCBuildConfiguration;
			buildSettings = {
				ALWAYS_SEARCH_USER_PATHS = NO;
				CLANG_ANALYZER_NONNULL = YES;
				CLANG_ANALYZER_NUMBER_OBJECT_CONVERSION = YES_AGGRESSIVE;
				CLANG_CXX_LANGUAGE_STANDARD = "gnu++17";
				CLANG_ENABLE_MODULES = YES;
				CLANG_ENABLE_OBJC_ARC = YES;
				CLANG_ENABLE_OBJC_WEAK = YES;
				CLANG_WARN_BLOCK_CAPTURE_AUTORELEASING = YES;
				CLANG_WARN_BOOL_CONVERSION = YES;
				CLANG_WARN_COMMA = YES;
				CLANG_WARN_CONSTANT_CONVERSION = YES;
				CLANG_WARN_DEPRECATED_OBJC_IMPLEMENTATIONS = YES;
				CLANG_WARN_DIRECT_OBJC_ISA_USAGE = YES_ERROR;
				CLANG_WARN_DOCUMENTATION_COMMENTS = YES;
				CLANG_WARN_EMPTY_BODY = YES;
				CLANG_WARN_ENUM_CONVERSION = YES;
				CLANG_WARN_INFINITE_RECURSION = YES;
				CLANG_WARN_INT_CONVERSION = YES;
				CLANG_WARN_NON_LITERAL_NULL_CONVERSION = YES;
				CLANG_WARN_OBJC_IMPLICIT_RETAIN_SELF = YES;
				CLANG_WARN_OBJC_LITERAL_CONVERSION = YES;
				CLANG_WARN_OBJC_ROOT_CLASS = YES_ERROR;
				CLANG_WARN_QUOTED_INCLUDE_IN_FRAMEWORK_HEADER = YES;
				CLANG_WARN_RANGE_LOOP_ANALYSIS = YES;
				CLANG_WARN_STRICT_PROTOTYPES = YES;
				CLANG_WARN_SUSPICIOUS_MOVE = YES;
				CLANG_WARN_UNGUARDED_AVAILABILITY = YES_AGGRESSIVE;
				CLANG_WARN_UNREACHABLE_CODE = YES;
				CLANG_WARN__DUPLICATE_METHOD_MATCH = YES;
				COPY_PHASE_STRIP = NO;
				DEBUG_INFORMATION_FORMAT = dwarf;
				ENABLE_STRICT_OBJC_MSGSEND = YES;
				ENABLE_TESTABILITY = YES;
				GCC_C_LANGUAGE_STANDARD = gnu11;
				GCC_DYNAMIC_NO_PIC = NO;
				GCC_NO_COMMON_BLOCKS = YES;
				GCC_OPTIMIZATION_LEVEL = 0;
				GCC_PREPROCESSOR_DEFINITIONS = (
					"DEBUG=1",
					"$(inherited)",
				);
				GCC_WARN_64_TO_32_BIT_CONVERSION = YES;
				GCC_WARN_ABOUT_RETURN_TYPE = YES_ERROR;
				GCC_WARN_UNDECLARED_SELECTOR = YES;
				GCC_WARN_UNINITIALIZED_AUTOS = YES_AGGRESSIVE;
				GCC_WARN_UNUSED_FUNCTION = YES;
				GCC_WARN_UNUSED_VARIABLE = YES;
				IPHONEOS_DEPLOYMENT_TARGET = 15.4;
				MTL_ENABLE_DEBUG_INFO = INCLUDE_SOURCE;
				MTL_FAST_MATH = YES;
				ONLY_ACTIVE_ARCH = YES;
				SDKROOT = iphoneos;
				SWIFT_ACTIVE_COMPILATION_CONDITIONS = DEBUG;
				SWIFT_OPTIMIZATION_LEVEL = "-Onone";
			};
			name = Debug;
		};
		95E4384D28537ED600D6A5A3 /* Release */ = {
			isa = XCBuildConfiguration;
			buildSettings = {
				ALWAYS_SEARCH_USER_PATHS = NO;
				CLANG_ANALYZER_NONNULL = YES;
				CLANG_ANALYZER_NUMBER_OBJECT_CONVERSION = YES_AGGRESSIVE;
				CLANG_CXX_LANGUAGE_STANDARD = "gnu++17";
				CLANG_ENABLE_MODULES = YES;
				CLANG_ENABLE_OBJC_ARC = YES;
				CLANG_ENABLE_OBJC_WEAK = YES;
				CLANG_WARN_BLOCK_CAPTURE_AUTORELEASING = YES;
				CLANG_WARN_BOOL_CONVERSION = YES;
				CLANG_WARN_COMMA = YES;
				CLANG_WARN_CONSTANT_CONVERSION = YES;
				CLANG_WARN_DEPRECATED_OBJC_IMPLEMENTATIONS = YES;
				CLANG_WARN_DIRECT_OBJC_ISA_USAGE = YES_ERROR;
				CLANG_WARN_DOCUMENTATION_COMMENTS = YES;
				CLANG_WARN_EMPTY_BODY = YES;
				CLANG_WARN_ENUM_CONVERSION = YES;
				CLANG_WARN_INFINITE_RECURSION = YES;
				CLANG_WARN_INT_CONVERSION = YES;
				CLANG_WARN_NON_LITERAL_NULL_CONVERSION = YES;
				CLANG_WARN_OBJC_IMPLICIT_RETAIN_SELF = YES;
				CLANG_WARN_OBJC_LITERAL_CONVERSION = YES;
				CLANG_WARN_OBJC_ROOT_CLASS = YES_ERROR;
				CLANG_WARN_QUOTED_INCLUDE_IN_FRAMEWORK_HEADER = YES;
				CLANG_WARN_RANGE_LOOP_ANALYSIS = YES;
				CLANG_WARN_STRICT_PROTOTYPES = YES;
				CLANG_WARN_SUSPICIOUS_MOVE = YES;
				CLANG_WARN_UNGUARDED_AVAILABILITY = YES_AGGRESSIVE;
				CLANG_WARN_UNREACHABLE_CODE = YES;
				CLANG_WARN__DUPLICATE_METHOD_MATCH = YES;
				COPY_PHASE_STRIP = NO;
				DEBUG_INFORMATION_FORMAT = "dwarf-with-dsym";
				ENABLE_NS_ASSERTIONS = NO;
				ENABLE_STRICT_OBJC_MSGSEND = YES;
				GCC_C_LANGUAGE_STANDARD = gnu11;
				GCC_NO_COMMON_BLOCKS = YES;
				GCC_WARN_64_TO_32_BIT_CONVERSION = YES;
				GCC_WARN_ABOUT_RETURN_TYPE = YES_ERROR;
				GCC_WARN_UNDECLARED_SELECTOR = YES;
				GCC_WARN_UNINITIALIZED_AUTOS = YES_AGGRESSIVE;
				GCC_WARN_UNUSED_FUNCTION = YES;
				GCC_WARN_UNUSED_VARIABLE = YES;
				IPHONEOS_DEPLOYMENT_TARGET = 15.4;
				MTL_ENABLE_DEBUG_INFO = NO;
				MTL_FAST_MATH = YES;
				SDKROOT = iphoneos;
				SWIFT_COMPILATION_MODE = wholemodule;
				SWIFT_OPTIMIZATION_LEVEL = "-O";
				VALIDATE_PRODUCT = YES;
			};
			name = Release;
		};
		95E4384F28537ED600D6A5A3 /* Debug */ = {
			isa = XCBuildConfiguration;
			buildSettings = {
				ASSETCATALOG_COMPILER_APPICON_NAME = AppIcon;
				ASSETCATALOG_COMPILER_GLOBAL_ACCENT_COLOR_NAME = AccentColor;
				CODE_SIGN_STYLE = Automatic;
				CURRENT_PROJECT_VERSION = 1;
				DEVELOPMENT_TEAM = AVQMR29BJU;
				GENERATE_INFOPLIST_FILE = YES;
				INFOPLIST_FILE = GraphDemonstration/Info.plist;
				INFOPLIST_KEY_UIApplicationSupportsIndirectInputEvents = YES;
				INFOPLIST_KEY_UILaunchStoryboardName = LaunchScreen;
				INFOPLIST_KEY_UISupportedInterfaceOrientations_iPad = "UIInterfaceOrientationPortrait UIInterfaceOrientationPortraitUpsideDown UIInterfaceOrientationLandscapeLeft UIInterfaceOrientationLandscapeRight";
				INFOPLIST_KEY_UISupportedInterfaceOrientations_iPhone = "UIInterfaceOrientationPortrait UIInterfaceOrientationLandscapeLeft UIInterfaceOrientationLandscapeRight";
				LD_RUNPATH_SEARCH_PATHS = (
					"$(inherited)",
					"@executable_path/Frameworks",
				);
				MARKETING_VERSION = 1.0;
				PRODUCT_BUNDLE_IDENTIFIER = br.com.graph.GraphDemonstration;
				PRODUCT_NAME = "$(TARGET_NAME)";
				SWIFT_EMIT_LOC_STRINGS = YES;
				SWIFT_VERSION = 5.0;
				TARGETED_DEVICE_FAMILY = "1,2";
			};
			name = Debug;
		};
		95E4385028537ED600D6A5A3 /* Release */ = {
			isa = XCBuildConfiguration;
			buildSettings = {
				ASSETCATALOG_COMPILER_APPICON_NAME = AppIcon;
				ASSETCATALOG_COMPILER_GLOBAL_ACCENT_COLOR_NAME = AccentColor;
				CODE_SIGN_STYLE = Automatic;
				CURRENT_PROJECT_VERSION = 1;
				DEVELOPMENT_TEAM = AVQMR29BJU;
				GENERATE_INFOPLIST_FILE = YES;
				INFOPLIST_FILE = GraphDemonstration/Info.plist;
				INFOPLIST_KEY_UIApplicationSupportsIndirectInputEvents = YES;
				INFOPLIST_KEY_UILaunchStoryboardName = LaunchScreen;
				INFOPLIST_KEY_UISupportedInterfaceOrientations_iPad = "UIInterfaceOrientationPortrait UIInterfaceOrientationPortraitUpsideDown UIInterfaceOrientationLandscapeLeft UIInterfaceOrientationLandscapeRight";
				INFOPLIST_KEY_UISupportedInterfaceOrientations_iPhone = "UIInterfaceOrientationPortrait UIInterfaceOrientationLandscapeLeft UIInterfaceOrientationLandscapeRight";
				LD_RUNPATH_SEARCH_PATHS = (
					"$(inherited)",
					"@executable_path/Frameworks",
				);
				MARKETING_VERSION = 1.0;
				PRODUCT_BUNDLE_IDENTIFIER = br.com.graph.GraphDemonstration;
				PRODUCT_NAME = "$(TARGET_NAME)";
				SWIFT_EMIT_LOC_STRINGS = YES;
				SWIFT_VERSION = 5.0;
				TARGETED_DEVICE_FAMILY = "1,2";
			};
			name = Release;
		};
/* End XCBuildConfiguration section */

/* Begin XCConfigurationList section */
		95E4383528537ED200D6A5A3 /* Build configuration list for PBXProject "GraphDemonstration" */ = {
			isa = XCConfigurationList;
			buildConfigurations = (
				95E4384C28537ED600D6A5A3 /* Debug */,
				95E4384D28537ED600D6A5A3 /* Release */,
			);
			defaultConfigurationIsVisible = 0;
			defaultConfigurationName = Release;
		};
		95E4384E28537ED600D6A5A3 /* Build configuration list for PBXNativeTarget "GraphDemonstration" */ = {
			isa = XCConfigurationList;
			buildConfigurations = (
				95E4384F28537ED600D6A5A3 /* Debug */,
				95E4385028537ED600D6A5A3 /* Release */,
			);
			defaultConfigurationIsVisible = 0;
			defaultConfigurationName = Release;
		};
/* End XCConfigurationList section */

/* Begin XCRemoteSwiftPackageReference section */
		950F615B285E9CC6007FF469 /* XCRemoteSwiftPackageReference "SwiftGraph" */ = {
			isa = XCRemoteSwiftPackageReference;
			repositoryURL = "https://github.com/davecom/SwiftGraph.git";
			requirement = {
				kind = upToNextMajorVersion;
				minimumVersion = 3.0.0;
			};
		};
/* End XCRemoteSwiftPackageReference section */

/* Begin XCSwiftPackageProductDependency section */
		950F615C285E9CC6007FF469 /* SwiftGraph */ = {
			isa = XCSwiftPackageProductDependency;
			package = 950F615B285E9CC6007FF469 /* XCRemoteSwiftPackageReference "SwiftGraph" */;
			productName = SwiftGraph;
		};
/* End XCSwiftPackageProductDependency section */
	};
	rootObject = 95E4383228537ED200D6A5A3 /* Project object */;
}
